# THIS IS AN AUTOGENERATED FILE. DO NOT EDIT THIS FILE DIRECTLY.
# yarn lockfile v1


"@types/node@*":
  version "15.12.1"
  resolved "https://bnpm.byted.org/@types/node/-/@types/node-15.12.1.tgz#9b60797dee1895383a725f828a869c86c6caa5c2"
  integrity sha1-m2B5fe4YlTg6cl+CioachsbKpcI=

"@vercel/node@^1.11.0":
  version "1.11.0"
  resolved "https://bnpm.byted.org/@vercel/node/-/@vercel/node-1.11.0.tgz#2c34e4cab9dfaf8a796a0b590b20d2f6cf222749"
  integrity sha1-LDTkyrnfr4p5agtZCyDS9s8iJ0k=
  dependencies:
    "@types/node" "*"
    ts-node "8.9.1"
    typescript "3.9.3"

arg@^4.1.0:
  version "4.1.3"
  resolved "https://bnpm.byted.org/arg/-/arg-4.1.3.tgz#269fc7ad5b8e42cb63c896d5666017261c144089"
  integrity sha1-Jp/HrVuOQstjyJbVZmAXJhwUQIk=

buffer-from@^1.0.0:
  version "1.1.1"
  resolved "https://bnpm.byted.org/buffer-from/-/buffer-from-1.1.1.tgz#32713bc028f75c02fdb710d7c7bcec1f2c6070ef"
  integrity sha1-MnE7wCj3XAL9txDXx7zsHyxgcO8=

diff@^4.0.1:
  version "4.0.2"
  resolved "https://bnpm.byted.org/diff/-/diff-4.0.2.tgz#60f3aecb89d5fae520c11aa19efc2bb982aade7d"
  integrity sha1-YPOuy4nV+uUgwRqhnvwruYKq3n0=

make-error@^1.1.1:
  version "1.3.6"
  resolved "https://bnpm.byted.org/make-error/-/make-error-1.3.6.tgz#2eb2e37ea9b67c4891f684a1394799af484cf7a2"
  integrity sha1-LrLjfqm2fEiR9oShOUeZr0hM96I=

source-map-support@^0.5.17:
  version "0.5.19"
  resolved "https://bnpm.byted.org/source-map-support/-/source-map-support-0.5.19.tgz#a98b62f86dcaf4f67399648c085291ab9e8fed61"
  integrity sha1-qYti+G3K9PZzmWSMCFKRq56P7WE=
  dependencies:
    buffer-from "^1.0.0"
    source-map "^0.6.0"

source-map@^0.6.0:
  version "0.6.1"
  resolved "https://bnpm.byted.org/source-map/-/source-map-0.6.1.tgz#74722af32e9614e9c287a8d0bbde48b5e2f1a263"
  integrity sha1-dHIq8y6WFOnCh6jQu95IteLxomM=

ts-node@8.9.1:
  version "8.9.1"
  resolved "https://bnpm.byted.org/ts-node/-/ts-node-8.9.1.tgz#2f857f46c47e91dcd28a14e052482eb14cfd65a5"
  integrity sha1-L4V/RsR+kdzSihTgUkgusUz9ZaU=
  dependencies:
    arg "^4.1.0"
    diff "^4.0.1"
    make-error "^1.1.1"
    source-map-support "^0.5.17"
    yn "3.1.1"

typescript@3.9.3:
  version "3.9.3"
  resolved "https://bnpm.byted.org/typescript/-/typescript-3.9.3.tgz#d3ac8883a97c26139e42df5e93eeece33d610b8a"
  integrity sha1-06yIg6l8JhOeQt9ek+7s4z1hC4o=

yn@3.1.1:
  version "3.1.1"
  resolved "https://bnpm.byted.org/yn/-/yn-3.1.1.tgz#1e87401a09d767c1d5eab26a6e4c185182d2eb50"
  integrity sha1-HodAGgnXZ8HV6rJqbkwYUYLS61A=
